
Microsoft Visual Studio Solution File, Format Version 12.00
# Visual Studio Version 17
VisualStudioVersion = 17.0.32112.339
MinimumVisualStudioVersion = 10.0.40219.1
Project("{FAE04EC0-301F-11D3-BF4B-00C04F79EFBC}") = "Lab01_SJH", "Lab01_SJH\Lab01_SJH.csproj", "{721BD6C7-55A2-40BA-92ED-D9320400A2CF}"
EndProject
Global
	GlobalSection(SolutionConfigurationPlatforms) = preSolution
		Debug|Any CPU = Debug|Any CPU
		Release|Any CPU = Release|Any CPU
	EndGlobalSection
	GlobalSection(ProjectConfigurationPlatforms) = postSolution
		{721BD6C7-55A2-40BA-92ED-D9320400A2CF}.Debug|Any CPU.ActiveCfg = Debug|Any CPU
		{721BD6C7-55A2-40BA-92ED-D9320400A2CF}.Debug|Any CPU.Build.0 = Debug|Any CPU
		{721BD6C7-55A2-40BA-92ED-D9320400A2CF}.Release|Any CPU.ActiveCfg = Release|Any CPU
		{721BD6C7-55A2-40BA-92ED-D9320400A2CF}.Release|Any CPU.Build.0 = Release|Any CPU
	EndGlobalSection
	GlobalSection(SolutionProperties) = preSolution
		HideSolutionNode = FALSE
	EndGlobalSection
	GlobalSection(ExtensibilityGlobals) = postSolution
		SolutionGuid = {98319F01-E4E0-4D37-8414-AB113F739897}
	EndGlobalSection
EndGlobal
